
Microsoft Visual Studio Solution File, Format Version 12.00
# Visual Studio Version 17
VisualStudioVersion = 17.5.33414.496
MinimumVisualStudioVersion = 10.0.40219.1
Project("{FAE04EC0-301F-11D3-BF4B-00C04F79EFBC}") = "CrudExercise", "CrudExercise.csproj", "{308B6A6E-C27E-4AA9-B3E6-05E5FBDA8FF1}"
EndProject
Global
	GlobalSection(SolutionConfigurationPlatforms) = preSolution
		Debug|Any CPU = Debug|Any CPU
		Release|Any CPU = Release|Any CPU
	EndGlobalSection
	GlobalSection(ProjectConfigurationPlatforms) = postSolution
		{308B6A6E-C27E-4AA9-B3E6-05E5FBDA8FF1}.Debug|Any CPU.ActiveCfg = Debug|Any CPU
		{308B6A6E-C27E-4AA9-B3E6-05E5FBDA8FF1}.Debug|Any CPU.Build.0 = Debug|Any CPU
		{308B6A6E-C27E-4AA9-B3E6-05E5FBDA8FF1}.Release|Any CPU.ActiveCfg = Release|Any CPU
		{308B6A6E-C27E-4AA9-B3E6-05E5FBDA8FF1}.Release|Any CPU.Build.0 = Release|Any CPU
	EndGlobalSection
	GlobalSection(SolutionProperties) = preSolution
		HideSolutionNode = FALSE
	EndGlobalSection
	GlobalSection(ExtensibilityGlobals) = postSolution
		SolutionGuid = {111AA444-454E-4290-B901-94E6416B27C8}
	EndGlobalSection
EndGlobal
